
Microsoft Visual Studio Solution File, Format Version 12.00
# Visual Studio Version 16
VisualStudioVersion = 16.0.29905.134
MinimumVisualStudioVersion = 10.0.40219.1
Project("{FAE04EC0-301F-11D3-BF4B-00C04F79EFBC}") = "Atividade4", "Atividade4\Atividade4.csproj", "{4D7E7273-A920-4427-89CD-BD03C1752F0C}"
EndProject
Global
	GlobalSection(SolutionConfigurationPlatforms) = preSolution
		Debug|Any CPU = Debug|Any CPU
		Release|Any CPU = Release|Any CPU
	EndGlobalSection
	GlobalSection(ProjectConfigurationPlatforms) = postSolution
		{4D7E7273-A920-4427-89CD-BD03C1752F0C}.Debug|Any CPU.ActiveCfg = Debug|Any CPU
		{4D7E7273-A920-4427-89CD-BD03C1752F0C}.Debug|Any CPU.Build.0 = Debug|Any CPU
		{4D7E7273-A920-4427-89CD-BD03C1752F0C}.Release|Any CPU.ActiveCfg = Release|Any CPU
		{4D7E7273-A920-4427-89CD-BD03C1752F0C}.Release|Any CPU.Build.0 = Release|Any CPU
	EndGlobalSection
	GlobalSection(SolutionProperties) = preSolution
		HideSolutionNode = FALSE
	EndGlobalSection
	GlobalSection(ExtensibilityGlobals) = postSolution
		SolutionGuid = {C48B755F-B203-4489-9392-53ACA10B1919}
	EndGlobalSection
EndGlobal
