
Microsoft Visual Studio Solution File, Format Version 12.00
# Visual Studio Version 16
VisualStudioVersion = 16.0.29905.134
MinimumVisualStudioVersion = 10.0.40219.1
Project("{FAE04EC0-301F-11D3-BF4B-00C04F79EFBC}") = "Atividade2", "Atividade2\Atividade2.csproj", "{ACAC2033-9EBD-4C0F-9DFC-1E74344B97A7}"
EndProject
Global
	GlobalSection(SolutionConfigurationPlatforms) = preSolution
		Debug|Any CPU = Debug|Any CPU
		Release|Any CPU = Release|Any CPU
	EndGlobalSection
	GlobalSection(ProjectConfigurationPlatforms) = postSolution
		{ACAC2033-9EBD-4C0F-9DFC-1E74344B97A7}.Debug|Any CPU.ActiveCfg = Debug|Any CPU
		{ACAC2033-9EBD-4C0F-9DFC-1E74344B97A7}.Debug|Any CPU.Build.0 = Debug|Any CPU
		{ACAC2033-9EBD-4C0F-9DFC-1E74344B97A7}.Release|Any CPU.ActiveCfg = Release|Any CPU
		{ACAC2033-9EBD-4C0F-9DFC-1E74344B97A7}.Release|Any CPU.Build.0 = Release|Any CPU
	EndGlobalSection
	GlobalSection(SolutionProperties) = preSolution
		HideSolutionNode = FALSE
	EndGlobalSection
	GlobalSection(ExtensibilityGlobals) = postSolution
		SolutionGuid = {6DDD770D-9CA1-422D-B7E5-2C4538A18A03}
	EndGlobalSection
EndGlobal
